{
  "name": "@openwop/subscription-provider",
  "version": "0.1.0",
  "lockfileVersion": 3,
  "requires": true,
  "packages": {
    "": {
      "name": "@openwop/subscription-provider",
      "version": "0.1.0",
      "bin": {
        "openwop-subscription-provider": "src/bin.js"
      },
      "engines": {
        "node": ">=20"
      }
    }
  }
}
